# Auto-generated. DO NOT EDIT MANUALLY.
# Tracks the state of all config files for team conflict resolution.

generated_at: 2026-05-10T15:47:41.038Z
generated_by: bond
lib_version: 0.16.0
checksums:
  agents/_example.md: sha256:335780c653c0deb6db2971d8a9e2a25beca8ab467442ca7c0be70e48ad6d543c
  commands/_example.md: sha256:8eb175f909f6acc109f5b4c47286393b945422f0c256bfde8af2d536d600577e
  commands/init-rules.md: sha256:2a27e6c9e542a0b4b970146831821379bf66490a42cdb78c54251f18524b8f20
  commands/plan-task.md: sha256:7a48145a8bb06d370cc4a5b0956db24b213a3b2c02406de50f260abbf6ac1f7e
  commands/skillshare-recommend.md: sha256:aafc1fc3becdba218b99d892e6a0aa769ea4483c7159d12eac167f93bb6d2e57
  hooks.yaml: sha256:e6172228d1a35367871a5be05ada33e5c7e07a9f6ecae4108fedaaec1989be1a
  ignore: sha256:b71641360cf120445e4b90844b4130053c68d55ead2cf7164f63c7208c1bcc02
  mcp.json: sha256:10dfe9acafeeeeb59377c828246a1f6824fb9a359ea6f32ded48faddf4f6cd3d
  permissions.yaml: sha256:928e45ce5b43ca076ba2ad8d2884a676fa244d47dc85a801f0acb92c2f1fab13
  rules/_example.md: sha256:3aed4a8359f650ceed854ce037489ba60bfaf245f46df11b164e9d6dd5f29b42
  rules/_root.md: sha256:d20b1f94a0cb5f2ad5a58bc2c06df2740fb35db5cff02f508d61f3991b524f17
  rules/common.md: sha256:c781f3bdbb8a11339a044bf604901a2e6fd55c69f25a6aa0b6b507c219bbd0ac
extends: {}
packs: {}
